
Microsoft Visual Studio Solution File, Format Version 12.00
# Visual Studio Version 16
VisualStudioVersion = 16.0.33130.400
MinimumVisualStudioVersion = 10.0.40219.1
Project("{9A19103F-16F7-4668-BE54-9A1E7A4F7556}") = "Mission04_yiywu", "Mission04_yiywu\Mission04_yiywu.csproj", "{A856401A-7668-4CA5-A91F-907EAD1D45A2}"
EndProject
Global
	GlobalSection(SolutionConfigurationPlatforms) = preSolution
		Debug|Any CPU = Debug|Any CPU
		Release|Any CPU = Release|Any CPU
	EndGlobalSection
	GlobalSection(ProjectConfigurationPlatforms) = postSolution
		{A856401A-7668-4CA5-A91F-907EAD1D45A2}.Debug|Any CPU.ActiveCfg = Debug|Any CPU
		{A856401A-7668-4CA5-A91F-907EAD1D45A2}.Debug|Any CPU.Build.0 = Debug|Any CPU
		{A856401A-7668-4CA5-A91F-907EAD1D45A2}.Release|Any CPU.ActiveCfg = Release|Any CPU
		{A856401A-7668-4CA5-A91F-907EAD1D45A2}.Release|Any CPU.Build.0 = Release|Any CPU
	EndGlobalSection
	GlobalSection(SolutionProperties) = preSolution
		HideSolutionNode = FALSE
	EndGlobalSection
	GlobalSection(ExtensibilityGlobals) = postSolution
		SolutionGuid = {19D19E0F-DDA5-4DF1-BDE2-2188484A31D2}
	EndGlobalSection
EndGlobal
